{
  "name": "Persistence",
  "lockfileVersion": 2,
  "requires": true,
  "packages": {
    "": {
      "dependencies": {
        "all-countries-and-cities-json": "^1.0.0"
      }
    },
    "node_modules/all-countries-and-cities-json": {
      "version": "1.0.0",
      "resolved": "https://registry.npmjs.org/all-countries-and-cities-json/-/all-countries-and-cities-json-1.0.0.tgz",
      "integrity": "sha512-0xumBE+FtIP3VLcxFP4pybITuFpqIjcEWokdus3dy/E5+4Yr9U9xQf6ZZDxfv1W1dMPS/1rPE6KPqYfs9EHKbQ=="
    }
  },
  "dependencies": {
    "all-countries-and-cities-json": {
      "version": "1.0.0",
      "resolved": "https://registry.npmjs.org/all-countries-and-cities-json/-/all-countries-and-cities-json-1.0.0.tgz",
      "integrity": "sha512-0xumBE+FtIP3VLcxFP4pybITuFpqIjcEWokdus3dy/E5+4Yr9U9xQf6ZZDxfv1W1dMPS/1rPE6KPqYfs9EHKbQ=="
    }
  }
}
