
Microsoft Visual Studio Solution File, Format Version 12.00
# Visual Studio Version 16
VisualStudioVersion = 16.6.30114.105
MinimumVisualStudioVersion = 10.0.40219.1
Project("{FAE04EC0-301F-11D3-BF4B-00C04F79EFBC}") = "API", "API\API.csproj", "{7F8AC071-4A79-4370-8E03-987FF9919AA6}"
EndProject
Project("{FAE04EC0-301F-11D3-BF4B-00C04F79EFBC}") = "Application", "Application\Application.csproj", "{E0F8319C-DBDF-4677-BF31-150EA467441C}"
EndProject
Project("{FAE04EC0-301F-11D3-BF4B-00C04F79EFBC}") = "Persistence", "Persistence\Persistence.csproj", "{EF0FA45A-B6C9-4B01-904A-066CFF855F9E}"
EndProject
Project("{FAE04EC0-301F-11D3-BF4B-00C04F79EFBC}") = "Domain", "Domain\Domain.csproj", "{3EC0BBE2-E74F-4B4E-8AA8-EA44A6A17D5B}"
EndProject
Global
	GlobalSection(SolutionConfigurationPlatforms) = preSolution
		Debug|Any CPU = Debug|Any CPU
		Debug|x64 = Debug|x64
		Debug|x86 = Debug|x86
		Release|Any CPU = Release|Any CPU
		Release|x64 = Release|x64
		Release|x86 = Release|x86
	EndGlobalSection
	GlobalSection(SolutionProperties) = preSolution
		HideSolutionNode = FALSE
	EndGlobalSection
	GlobalSection(ProjectConfigurationPlatforms) = postSolution
		{7F8AC071-4A79-4370-8E03-987FF9919AA6}.Debug|Any CPU.ActiveCfg = Debug|Any CPU
		{7F8AC071-4A79-4370-8E03-987FF9919AA6}.Debug|Any CPU.Build.0 = Debug|Any CPU
		{7F8AC071-4A79-4370-8E03-987FF9919AA6}.Debug|x64.ActiveCfg = Debug|Any CPU
		{7F8AC071-4A79-4370-8E03-987FF9919AA6}.Debug|x64.Build.0 = Debug|Any CPU
		{7F8AC071-4A79-4370-8E03-987FF9919AA6}.Debug|x86.ActiveCfg = Debug|Any CPU
		{7F8AC071-4A79-4370-8E03-987FF9919AA6}.Debug|x86.Build.0 = Debug|Any CPU
		{7F8AC071-4A79-4370-8E03-987FF9919AA6}.Release|Any CPU.ActiveCfg = Release|Any CPU
		{7F8AC071-4A79-4370-8E03-987FF9919AA6}.Release|Any CPU.Build.0 = Release|Any CPU
		{7F8AC071-4A79-4370-8E03-987FF9919AA6}.Release|x64.ActiveCfg = Release|Any CPU
		{7F8AC071-4A79-4370-8E03-987FF9919AA6}.Release|x64.Build.0 = Release|Any CPU
		{7F8AC071-4A79-4370-8E03-987FF9919AA6}.Release|x86.ActiveCfg = Release|Any CPU
		{7F8AC071-4A79-4370-8E03-987FF9919AA6}.Release|x86.Build.0 = Release|Any CPU
		{E0F8319C-DBDF-4677-BF31-150EA467441C}.Debug|Any CPU.ActiveCfg = Debug|Any CPU
		{E0F8319C-DBDF-4677-BF31-150EA467441C}.Debug|Any CPU.Build.0 = Debug|Any CPU
		{E0F8319C-DBDF-4677-BF31-150EA467441C}.Debug|x64.ActiveCfg = Debug|Any CPU
		{E0F8319C-DBDF-4677-BF31-150EA467441C}.Debug|x64.Build.0 = Debug|Any CPU
		{E0F8319C-DBDF-4677-BF31-150EA467441C}.Debug|x86.ActiveCfg = Debug|Any CPU
		{E0F8319C-DBDF-4677-BF31-150EA467441C}.Debug|x86.Build.0 = Debug|Any CPU
		{E0F8319C-DBDF-4677-BF31-150EA467441C}.Release|Any CPU.ActiveCfg = Release|Any CPU
		{E0F8319C-DBDF-4677-BF31-150EA467441C}.Release|Any CPU.Build.0 = Release|Any CPU
		{E0F8319C-DBDF-4677-BF31-150EA467441C}.Release|x64.ActiveCfg = Release|Any CPU
		{E0F8319C-DBDF-4677-BF31-150EA467441C}.Release|x64.Build.0 = Release|Any CPU
		{E0F8319C-DBDF-4677-BF31-150EA467441C}.Release|x86.ActiveCfg = Release|Any CPU
		{E0F8319C-DBDF-4677-BF31-150EA467441C}.Release|x86.Build.0 = Release|Any CPU
		{EF0FA45A-B6C9-4B01-904A-066CFF855F9E}.Debug|Any CPU.ActiveCfg = Debug|Any CPU
		{EF0FA45A-B6C9-4B01-904A-066CFF855F9E}.Debug|Any CPU.Build.0 = Debug|Any CPU
		{EF0FA45A-B6C9-4B01-904A-066CFF855F9E}.Debug|x64.ActiveCfg = Debug|Any CPU
		{EF0FA45A-B6C9-4B01-904A-066CFF855F9E}.Debug|x64.Build.0 = Debug|Any CPU
		{EF0FA45A-B6C9-4B01-904A-066CFF855F9E}.Debug|x86.ActiveCfg = Debug|Any CPU
		{EF0FA45A-B6C9-4B01-904A-066CFF855F9E}.Debug|x86.Build.0 = Debug|Any CPU
		{EF0FA45A-B6C9-4B01-904A-066CFF855F9E}.Release|Any CPU.ActiveCfg = Release|Any CPU
		{EF0FA45A-B6C9-4B01-904A-066CFF855F9E}.Release|Any CPU.Build.0 = Release|Any CPU
		{EF0FA45A-B6C9-4B01-904A-066CFF855F9E}.Release|x64.ActiveCfg = Release|Any CPU
		{EF0FA45A-B6C9-4B01-904A-066CFF855F9E}.Release|x64.Build.0 = Release|Any CPU
		{EF0FA45A-B6C9-4B01-904A-066CFF855F9E}.Release|x86.ActiveCfg = Release|Any CPU
		{EF0FA45A-B6C9-4B01-904A-066CFF855F9E}.Release|x86.Build.0 = Release|Any CPU
		{3EC0BBE2-E74F-4B4E-8AA8-EA44A6A17D5B}.Debug|Any CPU.ActiveCfg = Debug|Any CPU
		{3EC0BBE2-E74F-4B4E-8AA8-EA44A6A17D5B}.Debug|Any CPU.Build.0 = Debug|Any CPU
		{3EC0BBE2-E74F-4B4E-8AA8-EA44A6A17D5B}.Debug|x64.ActiveCfg = Debug|Any CPU
		{3EC0BBE2-E74F-4B4E-8AA8-EA44A6A17D5B}.Debug|x64.Build.0 = Debug|Any CPU
		{3EC0BBE2-E74F-4B4E-8AA8-EA44A6A17D5B}.Debug|x86.ActiveCfg = Debug|Any CPU
		{3EC0BBE2-E74F-4B4E-8AA8-EA44A6A17D5B}.Debug|x86.Build.0 = Debug|Any CPU
		{3EC0BBE2-E74F-4B4E-8AA8-EA44A6A17D5B}.Release|Any CPU.ActiveCfg = Release|Any CPU
		{3EC0BBE2-E74F-4B4E-8AA8-EA44A6A17D5B}.Release|Any CPU.Build.0 = Release|Any CPU
		{3EC0BBE2-E74F-4B4E-8AA8-EA44A6A17D5B}.Release|x64.ActiveCfg = Release|Any CPU
		{3EC0BBE2-E74F-4B4E-8AA8-EA44A6A17D5B}.Release|x64.Build.0 = Release|Any CPU
		{3EC0BBE2-E74F-4B4E-8AA8-EA44A6A17D5B}.Release|x86.ActiveCfg = Release|Any CPU
		{3EC0BBE2-E74F-4B4E-8AA8-EA44A6A17D5B}.Release|x86.Build.0 = Release|Any CPU
	EndGlobalSection
EndGlobal
